// !$*UTF8*$!
{
	archiveVersion = 1;
	classes = {
	};
	objectVersion = 51;
	objects = {

/* Begin PBXBuildFile section */
		36BBD927268DE936008D8AD3 /* Home.storyboard in Resources */ = {isa = PBXBuildFile; fileRef = 36BBD926268DE936008D8AD3 /* Home.storyboard */; };
		36BBD929268DE94F008D8AD3 /* HomeVC.swift in Sources */ = {isa = PBXBuildFile; fileRef = 36BBD928268DE94F008D8AD3 /* HomeVC.swift */; };
		36BBD92C268EAE30008D8AD3 /* HomeAnimationTVC.swift in Sources */ = {isa = PBXBuildFile; fileRef = 36BBD92A268EAE30008D8AD3 /* HomeAnimationTVC.swift */; };
		36BBD92D268EAE30008D8AD3 /* HomeAnimationTVC.xib in Resources */ = {isa = PBXBuildFile; fileRef = 36BBD92B268EAE30008D8AD3 /* HomeAnimationTVC.xib */; };
		36BBD934268EB454008D8AD3 /* HomeAnimationCVC.swift in Sources */ = {isa = PBXBuildFile; fileRef = 36BBD932268EB454008D8AD3 /* HomeAnimationCVC.swift */; };
		36BBD935268EB454008D8AD3 /* HomeAnimationCVC.xib in Resources */ = {isa = PBXBuildFile; fileRef = 36BBD933268EB454008D8AD3 /* HomeAnimationCVC.xib */; };
		3C71FEA726881DAA007E8EAD /* AppDelegate.swift in Sources */ = {isa = PBXBuildFile; fileRef = 3C71FEA626881DAA007E8EAD /* AppDelegate.swift */; };
		3C71FEA926881DAA007E8EAD /* SceneDelegate.swift in Sources */ = {isa = PBXBuildFile; fileRef = 3C71FEA826881DAA007E8EAD /* SceneDelegate.swift */; };
		3C71FEAB26881DAA007E8EAD /* ViewController.swift in Sources */ = {isa = PBXBuildFile; fileRef = 3C71FEAA26881DAA007E8EAD /* ViewController.swift */; };
		3C71FEAE26881DAA007E8EAD /* Main.storyboard in Resources */ = {isa = PBXBuildFile; fileRef = 3C71FEAC26881DAA007E8EAD /* Main.storyboard */; };
		3C71FEB026881DAB007E8EAD /* Assets.xcassets in Resources */ = {isa = PBXBuildFile; fileRef = 3C71FEAF26881DAB007E8EAD /* Assets.xcassets */; };
		3C71FEB326881DAB007E8EAD /* LaunchScreen.storyboard in Resources */ = {isa = PBXBuildFile; fileRef = 3C71FEB126881DAB007E8EAD /* LaunchScreen.storyboard */; };
		3C879BED268B146300C41BB8 /* Extension+UIView.swift in Sources */ = {isa = PBXBuildFile; fileRef = 3C879BEC268B146300C41BB8 /* Extension+UIView.swift */; };
		3C879BEF268B147D00C41BB8 /* Extension+UITableView.swift in Sources */ = {isa = PBXBuildFile; fileRef = 3C879BEE268B147D00C41BB8 /* Extension+UITableView.swift */; };
		3C879BF1268B149800C41BB8 /* Extension+UICollectionView.swift in Sources */ = {isa = PBXBuildFile; fileRef = 3C879BF0268B149800C41BB8 /* Extension+UICollectionView.swift */; };
		3C879BF3268B14A800C41BB8 /* Extension+UIColor.swift in Sources */ = {isa = PBXBuildFile; fileRef = 3C879BF2268B14A800C41BB8 /* Extension+UIColor.swift */; };
		3C879BF7268B14E300C41BB8 /* Extension+UIFont.swift in Sources */ = {isa = PBXBuildFile; fileRef = 3C879BF6268B14E300C41BB8 /* Extension+UIFont.swift */; };
		3CB9BE52268EFD7700EB85CB /* Tabbar.storyboard in Resources */ = {isa = PBXBuildFile; fileRef = 3CB9BE51268EFD7700EB85CB /* Tabbar.storyboard */; };
		3CB9BE54268EFEDD00EB85CB /* TabbarVC.swift in Sources */ = {isa = PBXBuildFile; fileRef = 3CB9BE53268EFEDD00EB85CB /* TabbarVC.swift */; };
		3CB9BE76268F5BFA00EB85CB /* MapService.swift in Sources */ = {isa = PBXBuildFile; fileRef = 3CB9BE75268F5BF900EB85CB /* MapService.swift */; };
		3CB9BE78268F5CD900EB85CB /* TMapSDK.framework in Frameworks */ = {isa = PBXBuildFile; fileRef = 3CB9BE77268F5CD900EB85CB /* TMapSDK.framework */; };
		3CB9BE79268F5CD900EB85CB /* TMapSDK.framework in Embed Frameworks */ = {isa = PBXBuildFile; fileRef = 3CB9BE77268F5CD900EB85CB /* TMapSDK.framework */; settings = {ATTRIBUTES = (CodeSignOnCopy, RemoveHeadersOnCopy, ); }; };
		449A45BF0EF5CBE8FDD57938 /* Pods_ChaRo_iOS.framework in Frameworks */ = {isa = PBXBuildFile; fileRef = D0533DB4F7C363C8E73EBF15 /* Pods_ChaRo_iOS.framework */; };
		F49DE531268E124F00A8185C /* PostDetail.storyboard in Resources */ = {isa = PBXBuildFile; fileRef = F49DE530268E124F00A8185C /* PostDetail.storyboard */; };
		F49DE533268E148300A8185C /* PostDetailVC.swift in Sources */ = {isa = PBXBuildFile; fileRef = F49DE532268E148300A8185C /* PostDetailVC.swift */; };
/* End PBXBuildFile section */

/* Begin PBXCopyFilesBuildPhase section */
		3CB9BE7A268F5CD900EB85CB /* Embed Frameworks */ = {
			isa = PBXCopyFilesBuildPhase;
			buildActionMask = 2147483647;
			dstPath = "";
			dstSubfolderSpec = 10;
			files = (
				3CB9BE79268F5CD900EB85CB /* TMapSDK.framework in Embed Frameworks */,
			);
			name = "Embed Frameworks";
			runOnlyForDeploymentPostprocessing = 0;
		};
/* End PBXCopyFilesBuildPhase section */

/* Begin PBXFileReference section */
		0CB600D49E66DBA0FA25F8D3 /* Pods-ChaRo-iOS.debug.xcconfig */ = {isa = PBXFileReference; includeInIndex = 1; lastKnownFileType = text.xcconfig; name = "Pods-ChaRo-iOS.debug.xcconfig"; path = "Target Support Files/Pods-ChaRo-iOS/Pods-ChaRo-iOS.debug.xcconfig"; sourceTree = "<group>"; };
		36BBD926268DE936008D8AD3 /* Home.storyboard */ = {isa = PBXFileReference; lastKnownFileType = file.storyboard; path = Home.storyboard; sourceTree = "<group>"; };
		36BBD928268DE94F008D8AD3 /* HomeVC.swift */ = {isa = PBXFileReference; lastKnownFileType = sourcecode.swift; path = HomeVC.swift; sourceTree = "<group>"; };
		36BBD92A268EAE30008D8AD3 /* HomeAnimationTVC.swift */ = {isa = PBXFileReference; lastKnownFileType = sourcecode.swift; name = HomeAnimationTVC.swift; path = "ChaRo-iOS/Source/Views/VCs/HomeAnimationTVC.swift"; sourceTree = SOURCE_ROOT; };
		36BBD92B268EAE30008D8AD3 /* HomeAnimationTVC.xib */ = {isa = PBXFileReference; lastKnownFileType = file.xib; name = HomeAnimationTVC.xib; path = "ChaRo-iOS/Resource/Xibs/HomeAnimationTVC.xib"; sourceTree = SOURCE_ROOT; };
		36BBD932268EB454008D8AD3 /* HomeAnimationCVC.swift */ = {isa = PBXFileReference; lastKnownFileType = sourcecode.swift; name = HomeAnimationCVC.swift; path = "ChaRo-iOS/Source/Views/VCs/HomeAnimationCVC.swift"; sourceTree = SOURCE_ROOT; };
		36BBD933268EB454008D8AD3 /* HomeAnimationCVC.xib */ = {isa = PBXFileReference; lastKnownFileType = file.xib; name = HomeAnimationCVC.xib; path = "ChaRo-iOS/Resource/Xibs/HomeAnimationCVC.xib"; sourceTree = SOURCE_ROOT; };
		3C71FEA326881DAA007E8EAD /* ChaRo-iOS.app */ = {isa = PBXFileReference; explicitFileType = wrapper.application; includeInIndex = 0; path = "ChaRo-iOS.app"; sourceTree = BUILT_PRODUCTS_DIR; };
		3C71FEA626881DAA007E8EAD /* AppDelegate.swift */ = {isa = PBXFileReference; lastKnownFileType = sourcecode.swift; path = AppDelegate.swift; sourceTree = "<group>"; };
		3C71FEA826881DAA007E8EAD /* SceneDelegate.swift */ = {isa = PBXFileReference; lastKnownFileType = sourcecode.swift; path = SceneDelegate.swift; sourceTree = "<group>"; };
		3C71FEAA26881DAA007E8EAD /* ViewController.swift */ = {isa = PBXFileReference; lastKnownFileType = sourcecode.swift; path = ViewController.swift; sourceTree = "<group>"; };
		3C71FEAD26881DAA007E8EAD /* Base */ = {isa = PBXFileReference; lastKnownFileType = file.storyboard; name = Base; path = Base.lproj/Main.storyboard; sourceTree = "<group>"; };
		3C71FEAF26881DAB007E8EAD /* Assets.xcassets */ = {isa = PBXFileReference; lastKnownFileType = folder.assetcatalog; path = Assets.xcassets; sourceTree = "<group>"; };
		3C71FEB226881DAB007E8EAD /* Base */ = {isa = PBXFileReference; lastKnownFileType = file.storyboard; name = Base; path = Base.lproj/LaunchScreen.storyboard; sourceTree = "<group>"; };
		3C71FEB426881DAB007E8EAD /* Info.plist */ = {isa = PBXFileReference; lastKnownFileType = text.plist.xml; path = Info.plist; sourceTree = "<group>"; };
		3C879BEC268B146300C41BB8 /* Extension+UIView.swift */ = {isa = PBXFileReference; lastKnownFileType = sourcecode.swift; path = "Extension+UIView.swift"; sourceTree = "<group>"; };
		3C879BEE268B147D00C41BB8 /* Extension+UITableView.swift */ = {isa = PBXFileReference; lastKnownFileType = sourcecode.swift; path = "Extension+UITableView.swift"; sourceTree = "<group>"; };
		3C879BF0268B149800C41BB8 /* Extension+UICollectionView.swift */ = {isa = PBXFileReference; lastKnownFileType = sourcecode.swift; path = "Extension+UICollectionView.swift"; sourceTree = "<group>"; };
		3C879BF2268B14A800C41BB8 /* Extension+UIColor.swift */ = {isa = PBXFileReference; lastKnownFileType = sourcecode.swift; path = "Extension+UIColor.swift"; sourceTree = "<group>"; };
		3C879BF6268B14E300C41BB8 /* Extension+UIFont.swift */ = {isa = PBXFileReference; lastKnownFileType = sourcecode.swift; path = "Extension+UIFont.swift"; sourceTree = "<group>"; };
		3CB9BE51268EFD7700EB85CB /* Tabbar.storyboard */ = {isa = PBXFileReference; lastKnownFileType = file.storyboard; path = Tabbar.storyboard; sourceTree = "<group>"; };
		3CB9BE53268EFEDD00EB85CB /* TabbarVC.swift */ = {isa = PBXFileReference; lastKnownFileType = sourcecode.swift; path = TabbarVC.swift; sourceTree = "<group>"; };
		3CB9BE75268F5BF900EB85CB /* MapService.swift */ = {isa = PBXFileReference; lastKnownFileType = sourcecode.swift; path = MapService.swift; sourceTree = "<group>"; };
		3CB9BE77268F5CD900EB85CB /* TMapSDK.framework */ = {isa = PBXFileReference; lastKnownFileType = wrapper.framework; path = TMapSDK.framework; sourceTree = "<group>"; };
		D0533DB4F7C363C8E73EBF15 /* Pods_ChaRo_iOS.framework */ = {isa = PBXFileReference; explicitFileType = wrapper.framework; includeInIndex = 0; path = Pods_ChaRo_iOS.framework; sourceTree = BUILT_PRODUCTS_DIR; };
		DC4E7CEE4DE570491D4EBC08 /* Pods-ChaRo-iOS.release.xcconfig */ = {isa = PBXFileReference; includeInIndex = 1; lastKnownFileType = text.xcconfig; name = "Pods-ChaRo-iOS.release.xcconfig"; path = "Target Support Files/Pods-ChaRo-iOS/Pods-ChaRo-iOS.release.xcconfig"; sourceTree = "<group>"; };
		F49DE530268E124F00A8185C /* PostDetail.storyboard */ = {isa = PBXFileReference; lastKnownFileType = file.storyboard; path = PostDetail.storyboard; sourceTree = "<group>"; };
		F49DE532268E148300A8185C /* PostDetailVC.swift */ = {isa = PBXFileReference; lastKnownFileType = sourcecode.swift; path = PostDetailVC.swift; sourceTree = "<group>"; };
/* End PBXFileReference section */

/* Begin PBXFrameworksBuildPhase section */
		3C71FEA026881DAA007E8EAD /* Frameworks */ = {
			isa = PBXFrameworksBuildPhase;
			buildActionMask = 2147483647;
			files = (
				449A45BF0EF5CBE8FDD57938 /* Pods_ChaRo_iOS.framework in Frameworks */,
				3CB9BE78268F5CD900EB85CB /* TMapSDK.framework in Frameworks */,
			);
			runOnlyForDeploymentPostprocessing = 0;
		};
/* End PBXFrameworksBuildPhase section */

/* Begin PBXGroup section */
		0CA8D00E5168EC02612F0BAB /* Pods */ = {
			isa = PBXGroup;
			children = (
				0CB600D49E66DBA0FA25F8D3 /* Pods-ChaRo-iOS.debug.xcconfig */,
				DC4E7CEE4DE570491D4EBC08 /* Pods-ChaRo-iOS.release.xcconfig */,
			);
			path = Pods;
			sourceTree = "<group>";
		};
		3C71FE9A26881DAA007E8EAD = {
			isa = PBXGroup;
			children = (
				3C71FEA526881DAA007E8EAD /* ChaRo-iOS */,
				3C71FEA426881DAA007E8EAD /* Products */,
				0CA8D00E5168EC02612F0BAB /* Pods */,
				B487CF7DF5B6E959347E9909 /* Frameworks */,
			);
			sourceTree = "<group>";
		};
		3C71FEA426881DAA007E8EAD /* Products */ = {
			isa = PBXGroup;
			children = (
				3C71FEA326881DAA007E8EAD /* ChaRo-iOS.app */,
			);
			name = Products;
			sourceTree = "<group>";
		};
		3C71FEA526881DAA007E8EAD /* ChaRo-iOS */ = {
			isa = PBXGroup;
			children = (
				3C879BDF268B132300C41BB8 /* Source */,
				3C879BE0268B132C00C41BB8 /* Resource */,
			);
			path = "ChaRo-iOS";
			sourceTree = "<group>";
		};
		3C879BDF268B132300C41BB8 /* Source */ = {
			isa = PBXGroup;
			children = (
				3C879BE3268B137800C41BB8 /* Support */,
				3C879BE4268B139000C41BB8 /* Extensions */,
				3C879BE6268B13A400C41BB8 /* Services */,
				3C879BE8268B13B500C41BB8 /* Models */,
				3C879BE7268B13AD00C41BB8 /* Views */,
				3C879BE5268B139B00C41BB8 /* ViewModels */,
			);
			path = Source;
			sourceTree = "<group>";
		};
		3C879BE0268B132C00C41BB8 /* Resource */ = {
			isa = PBXGroup;
			children = (
				3C71FEAF26881DAB007E8EAD /* Assets.xcassets */,
				3C71FEB426881DAB007E8EAD /* Info.plist */,
				3C879BE2268B134400C41BB8 /* Xibs */,
				3C879BE1268B133A00C41BB8 /* Storyboards */,
			);
			path = Resource;
			sourceTree = "<group>";
		};
		3C879BE1268B133A00C41BB8 /* Storyboards */ = {
			isa = PBXGroup;
			children = (
				3C71FEAC26881DAA007E8EAD /* Main.storyboard */,
				3C71FEB126881DAB007E8EAD /* LaunchScreen.storyboard */,
				36BBD926268DE936008D8AD3 /* Home.storyboard */,
				F49DE530268E124F00A8185C /* PostDetail.storyboard */,
				3CB9BE51268EFD7700EB85CB /* Tabbar.storyboard */,
			);
			path = Storyboards;
			sourceTree = "<group>";
		};
		3C879BE2268B134400C41BB8 /* Xibs */ = {
			isa = PBXGroup;
			children = (
				36BBD933268EB454008D8AD3 /* HomeAnimationCVC.xib */,
				36BBD92B268EAE30008D8AD3 /* HomeAnimationTVC.xib */,
			);
			path = Xibs;
			sourceTree = "<group>";
		};
		3C879BE3268B137800C41BB8 /* Support */ = {
			isa = PBXGroup;
			children = (
				3C71FEA626881DAA007E8EAD /* AppDelegate.swift */,
				3C71FEA826881DAA007E8EAD /* SceneDelegate.swift */,
			);
			path = Support;
			sourceTree = "<group>";
		};
		3C879BE4268B139000C41BB8 /* Extensions */ = {
			isa = PBXGroup;
			children = (
				3C879BEC268B146300C41BB8 /* Extension+UIView.swift */,
				3C879BEE268B147D00C41BB8 /* Extension+UITableView.swift */,
				3C879BF0268B149800C41BB8 /* Extension+UICollectionView.swift */,
				3C879BF2268B14A800C41BB8 /* Extension+UIColor.swift */,
				3C879BF6268B14E300C41BB8 /* Extension+UIFont.swift */,
			);
			path = Extensions;
			sourceTree = "<group>";
		};
		3C879BE5268B139B00C41BB8 /* ViewModels */ = {
			isa = PBXGroup;
			children = (
			);
			path = ViewModels;
			sourceTree = "<group>";
		};
		3C879BE6268B13A400C41BB8 /* Services */ = {
			isa = PBXGroup;
			children = (
				3CB9BE75268F5BF900EB85CB /* MapService.swift */,
			);
			path = Services;
			sourceTree = "<group>";
		};
		3C879BE7268B13AD00C41BB8 /* Views */ = {
			isa = PBXGroup;
			children = (
				3C879BEB268B13CD00C41BB8 /* Shared */,
				3C879BEA268B13C800C41BB8 /* Cells */,
				3C879BE9268B13C300C41BB8 /* VCs */,
			);
			path = Views;
			sourceTree = "<group>";
		};
		3C879BE8268B13B500C41BB8 /* Models */ = {
			isa = PBXGroup;
			children = (
			);
			path = Models;
			sourceTree = "<group>";
		};
		3C879BE9268B13C300C41BB8 /* VCs */ = {
			isa = PBXGroup;
			children = (
				3C71FEAA26881DAA007E8EAD /* ViewController.swift */,
				36BBD928268DE94F008D8AD3 /* HomeVC.swift */,
				F49DE532268E148300A8185C /* PostDetailVC.swift */,
				3CB9BE53268EFEDD00EB85CB /* TabbarVC.swift */,
			);
			path = VCs;
			sourceTree = "<group>";
		};
		3C879BEA268B13C800C41BB8 /* Cells */ = {
			isa = PBXGroup;
			children = (
				36BBD92A268EAE30008D8AD3 /* HomeAnimationTVC.swift */,
				36BBD932268EB454008D8AD3 /* HomeAnimationCVC.swift */,
			);
			path = Cells;
			sourceTree = "<group>";
		};
		3C879BEB268B13CD00C41BB8 /* Shared */ = {
			isa = PBXGroup;
			children = (
			);
			path = Shared;
			sourceTree = "<group>";
		};
		B487CF7DF5B6E959347E9909 /* Frameworks */ = {
			isa = PBXGroup;
			children = (
				3CB9BE77268F5CD900EB85CB /* TMapSDK.framework */,
				D0533DB4F7C363C8E73EBF15 /* Pods_ChaRo_iOS.framework */,
			);
			name = Frameworks;
			sourceTree = "<group>";
		};
/* End PBXGroup section */

/* Begin PBXNativeTarget section */
		3C71FEA226881DAA007E8EAD /* ChaRo-iOS */ = {
			isa = PBXNativeTarget;
			buildConfigurationList = 3C71FEB726881DAB007E8EAD /* Build configuration list for PBXNativeTarget "ChaRo-iOS" */;
			buildPhases = (
				ADEFC32927F9704ADF8B577B /* [CP] Check Pods Manifest.lock */,
				3C71FE9F26881DAA007E8EAD /* Sources */,
				3C71FEA026881DAA007E8EAD /* Frameworks */,
				3C71FEA126881DAA007E8EAD /* Resources */,
				D65DEDEA4CC73F43A39F0B60 /* [CP] Embed Pods Frameworks */,
				3CB9BE7A268F5CD900EB85CB /* Embed Frameworks */,
			);
			buildRules = (
			);
			dependencies = (
			);
			name = "ChaRo-iOS";
			productName = "ChaRo-iOS";
			productReference = 3C71FEA326881DAA007E8EAD /* ChaRo-iOS.app */;
			productType = "com.apple.product-type.application";
		};
/* End PBXNativeTarget section */

/* Begin PBXProject section */
		3C71FE9B26881DAA007E8EAD /* Project object */ = {
			isa = PBXProject;
			attributes = {
				LastSwiftUpdateCheck = 1250;
				LastUpgradeCheck = 1250;
				TargetAttributes = {
					3C71FEA226881DAA007E8EAD = {
						CreatedOnToolsVersion = 12.5.1;
					};
				};
			};
			buildConfigurationList = 3C71FE9E26881DAA007E8EAD /* Build configuration list for PBXProject "ChaRo-iOS" */;
			compatibilityVersion = "Xcode 9.3";
			developmentRegion = en;
			hasScannedForEncodings = 0;
			knownRegions = (
				en,
				Base,
			);
			mainGroup = 3C71FE9A26881DAA007E8EAD;
			productRefGroup = 3C71FEA426881DAA007E8EAD /* Products */;
			projectDirPath = "";
			projectRoot = "";
			targets = (
				3C71FEA226881DAA007E8EAD /* ChaRo-iOS */,
			);
		};
/* End PBXProject section */

/* Begin PBXResourcesBuildPhase section */
		3C71FEA126881DAA007E8EAD /* Resources */ = {
			isa = PBXResourcesBuildPhase;
			buildActionMask = 2147483647;
			files = (
				3CB9BE52268EFD7700EB85CB /* Tabbar.storyboard in Resources */,
				3C71FEB326881DAB007E8EAD /* LaunchScreen.storyboard in Resources */,
				36BBD92D268EAE30008D8AD3 /* HomeAnimationTVC.xib in Resources */,
				3C71FEB026881DAB007E8EAD /* Assets.xcassets in Resources */,
				3C71FEAE26881DAA007E8EAD /* Main.storyboard in Resources */,
				36BBD927268DE936008D8AD3 /* Home.storyboard in Resources */,
				36BBD935268EB454008D8AD3 /* HomeAnimationCVC.xib in Resources */,
				F49DE531268E124F00A8185C /* PostDetail.storyboard in Resources */,
			);
			runOnlyForDeploymentPostprocessing = 0;
		};
/* End PBXResourcesBuildPhase section */

/* Begin PBXShellScriptBuildPhase section */
		ADEFC32927F9704ADF8B577B /* [CP] Check Pods Manifest.lock */ = {
			isa = PBXShellScriptBuildPhase;
			buildActionMask = 2147483647;
			files = (
			);
			inputFileListPaths = (
			);
			inputPaths = (
				"${PODS_PODFILE_DIR_PATH}/Podfile.lock",
				"${PODS_ROOT}/Manifest.lock",
			);
			name = "[CP] Check Pods Manifest.lock";
			outputFileListPaths = (
			);
			outputPaths = (
				"$(DERIVED_FILE_DIR)/Pods-ChaRo-iOS-checkManifestLockResult.txt",
			);
			runOnlyForDeploymentPostprocessing = 0;
			shellPath = /bin/sh;
			shellScript = "diff \"${PODS_PODFILE_DIR_PATH}/Podfile.lock\" \"${PODS_ROOT}/Manifest.lock\" > /dev/null\nif [ $? != 0 ] ; then\n    # print error to STDERR\n    echo \"error: The sandbox is not in sync with the Podfile.lock. Run 'pod install' or update your CocoaPods installation.\" >&2\n    exit 1\nfi\n# This output is used by Xcode 'outputs' to avoid re-running this script phase.\necho \"SUCCESS\" > \"${SCRIPT_OUTPUT_FILE_0}\"\n";
			showEnvVarsInLog = 0;
		};
		D65DEDEA4CC73F43A39F0B60 /* [CP] Embed Pods Frameworks */ = {
			isa = PBXShellScriptBuildPhase;
			buildActionMask = 2147483647;
			files = (
			);
			inputFileListPaths = (
				"${PODS_ROOT}/Target Support Files/Pods-ChaRo-iOS/Pods-ChaRo-iOS-frameworks-${CONFIGURATION}-input-files.xcfilelist",
			);
			name = "[CP] Embed Pods Frameworks";
			outputFileListPaths = (
				"${PODS_ROOT}/Target Support Files/Pods-ChaRo-iOS/Pods-ChaRo-iOS-frameworks-${CONFIGURATION}-output-files.xcfilelist",
			);
			runOnlyForDeploymentPostprocessing = 0;
			shellPath = /bin/sh;
			shellScript = "\"${PODS_ROOT}/Target Support Files/Pods-ChaRo-iOS/Pods-ChaRo-iOS-frameworks.sh\"\n";
			showEnvVarsInLog = 0;
		};
/* End PBXShellScriptBuildPhase section */

/* Begin PBXSourcesBuildPhase section */
		3C71FE9F26881DAA007E8EAD /* Sources */ = {
			isa = PBXSourcesBuildPhase;
			buildActionMask = 2147483647;
			files = (
				3C71FEAB26881DAA007E8EAD /* ViewController.swift in Sources */,
				3C879BEF268B147D00C41BB8 /* Extension+UITableView.swift in Sources */,
				3CB9BE76268F5BFA00EB85CB /* MapService.swift in Sources */,
				36BBD934268EB454008D8AD3 /* HomeAnimationCVC.swift in Sources */,
				3C879BF3268B14A800C41BB8 /* Extension+UIColor.swift in Sources */,
				36BBD92C268EAE30008D8AD3 /* HomeAnimationTVC.swift in Sources */,
				36BBD929268DE94F008D8AD3 /* HomeVC.swift in Sources */,
				3C71FEA726881DAA007E8EAD /* AppDelegate.swift in Sources */,
				3C879BED268B146300C41BB8 /* Extension+UIView.swift in Sources */,
				3C879BF1268B149800C41BB8 /* Extension+UICollectionView.swift in Sources */,
				F49DE533268E148300A8185C /* PostDetailVC.swift in Sources */,
				3CB9BE54268EFEDD00EB85CB /* TabbarVC.swift in Sources */,
				3C879BF7268B14E300C41BB8 /* Extension+UIFont.swift in Sources */,
				3C71FEA926881DAA007E8EAD /* SceneDelegate.swift in Sources */,
			);
			runOnlyForDeploymentPostprocessing = 0;
		};
/* End PBXSourcesBuildPhase section */

/* Begin PBXVariantGroup section */
		3C71FEAC26881DAA007E8EAD /* Main.storyboard */ = {
			isa = PBXVariantGroup;
			children = (
				3C71FEAD26881DAA007E8EAD /* Base */,
			);
			name = Main.storyboard;
			sourceTree = "<group>";
		};
		3C71FEB126881DAB007E8EAD /* LaunchScreen.storyboard */ = {
			isa = PBXVariantGroup;
			children = (
				3C71FEB226881DAB007E8EAD /* Base */,
			);
			name = LaunchScreen.storyboard;
			sourceTree = "<group>";
		};
/* End PBXVariantGroup section */

/* Begin XCBuildConfiguration section */
		3C71FEB526881DAB007E8EAD /* Debug */ = {
			isa = XCBuildConfiguration;
			buildSettings = {
				ALWAYS_SEARCH_USER_PATHS = NO;
				CLANG_ANALYZER_NONNULL = YES;
				CLANG_ANALYZER_NUMBER_OBJECT_CONVERSION = YES_AGGRESSIVE;
				CLANG_CXX_LANGUAGE_STANDARD = "gnu++14";
				CLANG_CXX_LIBRARY = "libc++";
				CLANG_ENABLE_MODULES = YES;
				CLANG_ENABLE_OBJC_ARC = YES;
				CLANG_ENABLE_OBJC_WEAK = YES;
				CLANG_WARN_BLOCK_CAPTURE_AUTORELEASING = YES;
				CLANG_WARN_BOOL_CONVERSION = YES;
				CLANG_WARN_COMMA = YES;
				CLANG_WARN_CONSTANT_CONVERSION = YES;
				CLANG_WARN_DEPRECATED_OBJC_IMPLEMENTATIONS = YES;
				CLANG_WARN_DIRECT_OBJC_ISA_USAGE = YES_ERROR;
				CLANG_WARN_DOCUMENTATION_COMMENTS = YES;
				CLANG_WARN_EMPTY_BODY = YES;
				CLANG_WARN_ENUM_CONVERSION = YES;
				CLANG_WARN_INFINITE_RECURSION = YES;
				CLANG_WARN_INT_CONVERSION = YES;
				CLANG_WARN_NON_LITERAL_NULL_CONVERSION = YES;
				CLANG_WARN_OBJC_IMPLICIT_RETAIN_SELF = YES;
				CLANG_WARN_OBJC_LITERAL_CONVERSION = YES;
				CLANG_WARN_OBJC_ROOT_CLASS = YES_ERROR;
				CLANG_WARN_QUOTED_INCLUDE_IN_FRAMEWORK_HEADER = YES;
				CLANG_WARN_RANGE_LOOP_ANALYSIS = YES;
				CLANG_WARN_STRICT_PROTOTYPES = YES;
				CLANG_WARN_SUSPICIOUS_MOVE = YES;
				CLANG_WARN_UNGUARDED_AVAILABILITY = YES_AGGRESSIVE;
				CLANG_WARN_UNREACHABLE_CODE = YES;
				CLANG_WARN__DUPLICATE_METHOD_MATCH = YES;
				COPY_PHASE_STRIP = NO;
				DEBUG_INFORMATION_FORMAT = dwarf;
				ENABLE_STRICT_OBJC_MSGSEND = YES;
				ENABLE_TESTABILITY = YES;
				GCC_C_LANGUAGE_STANDARD = gnu11;
				GCC_DYNAMIC_NO_PIC = NO;
				GCC_NO_COMMON_BLOCKS = YES;
				GCC_OPTIMIZATION_LEVEL = 0;
				GCC_PREPROCESSOR_DEFINITIONS = (
					"DEBUG=1",
					"$(inherited)",
				);
				GCC_WARN_64_TO_32_BIT_CONVERSION = YES;
				GCC_WARN_ABOUT_RETURN_TYPE = YES_ERROR;
				GCC_WARN_UNDECLARED_SELECTOR = YES;
				GCC_WARN_UNINITIALIZED_AUTOS = YES_AGGRESSIVE;
				GCC_WARN_UNUSED_FUNCTION = YES;
				GCC_WARN_UNUSED_VARIABLE = YES;
				IPHONEOS_DEPLOYMENT_TARGET = 14.1;
				MTL_ENABLE_DEBUG_INFO = INCLUDE_SOURCE;
				MTL_FAST_MATH = YES;
				ONLY_ACTIVE_ARCH = YES;
				SDKROOT = iphoneos;
				SWIFT_ACTIVE_COMPILATION_CONDITIONS = DEBUG;
				SWIFT_OPTIMIZATION_LEVEL = "-Onone";
			};
			name = Debug;
		};
		3C71FEB626881DAB007E8EAD /* Release */ = {
			isa = XCBuildConfiguration;
			buildSettings = {
				ALWAYS_SEARCH_USER_PATHS = NO;
				CLANG_ANALYZER_NONNULL = YES;
				CLANG_ANALYZER_NUMBER_OBJECT_CONVERSION = YES_AGGRESSIVE;
				CLANG_CXX_LANGUAGE_STANDARD = "gnu++14";
				CLANG_CXX_LIBRARY = "libc++";
				CLANG_ENABLE_MODULES = YES;
				CLANG_ENABLE_OBJC_ARC = YES;
				CLANG_ENABLE_OBJC_WEAK = YES;
				CLANG_WARN_BLOCK_CAPTURE_AUTORELEASING = YES;
				CLANG_WARN_BOOL_CONVERSION = YES;
				CLANG_WARN_COMMA = YES;
				CLANG_WARN_CONSTANT_CONVERSION = YES;
				CLANG_WARN_DEPRECATED_OBJC_IMPLEMENTATIONS = YES;
				CLANG_WARN_DIRECT_OBJC_ISA_USAGE = YES_ERROR;
				CLANG_WARN_DOCUMENTATION_COMMENTS = YES;
				CLANG_WARN_EMPTY_BODY = YES;
				CLANG_WARN_ENUM_CONVERSION = YES;
				CLANG_WARN_INFINITE_RECURSION = YES;
				CLANG_WARN_INT_CONVERSION = YES;
				CLANG_WARN_NON_LITERAL_NULL_CONVERSION = YES;
				CLANG_WARN_OBJC_IMPLICIT_RETAIN_SELF = YES;
				CLANG_WARN_OBJC_LITERAL_CONVERSION = YES;
				CLANG_WARN_OBJC_ROOT_CLASS = YES_ERROR;
				CLANG_WARN_QUOTED_INCLUDE_IN_FRAMEWORK_HEADER = YES;
				CLANG_WARN_RANGE_LOOP_ANALYSIS = YES;
				CLANG_WARN_STRICT_PROTOTYPES = YES;
				CLANG_WARN_SUSPICIOUS_MOVE = YES;
				CLANG_WARN_UNGUARDED_AVAILABILITY = YES_AGGRESSIVE;
				CLANG_WARN_UNREACHABLE_CODE = YES;
				CLANG_WARN__DUPLICATE_METHOD_MATCH = YES;
				COPY_PHASE_STRIP = NO;
				DEBUG_INFORMATION_FORMAT = "dwarf-with-dsym";
				ENABLE_NS_ASSERTIONS = NO;
				ENABLE_STRICT_OBJC_MSGSEND = YES;
				GCC_C_LANGUAGE_STANDARD = gnu11;
				GCC_NO_COMMON_BLOCKS = YES;
				GCC_WARN_64_TO_32_BIT_CONVERSION = YES;
				GCC_WARN_ABOUT_RETURN_TYPE = YES_ERROR;
				GCC_WARN_UNDECLARED_SELECTOR = YES;
				GCC_WARN_UNINITIALIZED_AUTOS = YES_AGGRESSIVE;
				GCC_WARN_UNUSED_FUNCTION = YES;
				GCC_WARN_UNUSED_VARIABLE = YES;
				IPHONEOS_DEPLOYMENT_TARGET = 14.1;
				MTL_ENABLE_DEBUG_INFO = NO;
				MTL_FAST_MATH = YES;
				SDKROOT = iphoneos;
				SWIFT_COMPILATION_MODE = wholemodule;
				SWIFT_OPTIMIZATION_LEVEL = "-O";
				VALIDATE_PRODUCT = YES;
			};
			name = Release;
		};
		3C71FEB826881DAB007E8EAD /* Debug */ = {
			isa = XCBuildConfiguration;
			baseConfigurationReference = 0CB600D49E66DBA0FA25F8D3 /* Pods-ChaRo-iOS.debug.xcconfig */;
			buildSettings = {
				ASSETCATALOG_COMPILER_APPICON_NAME = AppIcon;
				ASSETCATALOG_COMPILER_GLOBAL_ACCENT_COLOR_NAME = AccentColor;
				CODE_SIGN_STYLE = Automatic;
				DEVELOPMENT_TEAM = J8A843466G;
				FRAMEWORK_SEARCH_PATHS = (
					"$(inherited)",
					"$(PROJECT_DIR)",
				);
				INFOPLIST_FILE = "ChaRo-iOS/Resource/Info.plist";
				LD_RUNPATH_SEARCH_PATHS = (
					"$(inherited)",
					"@executable_path/Frameworks",
				);
				PRODUCT_BUNDLE_IDENTIFIER = "net.hryeong.ChaRo-iOS";
				PRODUCT_NAME = "$(TARGET_NAME)";
				SWIFT_VERSION = 5.0;
				TARGETED_DEVICE_FAMILY = "1,2";
			};
			name = Debug;
		};
		3C71FEB926881DAB007E8EAD /* Release */ = {
			isa = XCBuildConfiguration;
			baseConfigurationReference = DC4E7CEE4DE570491D4EBC08 /* Pods-ChaRo-iOS.release.xcconfig */;
			buildSettings = {
				ASSETCATALOG_COMPILER_APPICON_NAME = AppIcon;
				ASSETCATALOG_COMPILER_GLOBAL_ACCENT_COLOR_NAME = AccentColor;
				CODE_SIGN_STYLE = Automatic;
				DEVELOPMENT_TEAM = J8A843466G;
				FRAMEWORK_SEARCH_PATHS = (
					"$(inherited)",
					"$(PROJECT_DIR)",
				);
				INFOPLIST_FILE = "ChaRo-iOS/Resource/Info.plist";
				LD_RUNPATH_SEARCH_PATHS = (
					"$(inherited)",
					"@executable_path/Frameworks",
				);
				PRODUCT_BUNDLE_IDENTIFIER = "net.hryeong.ChaRo-iOS";
				PRODUCT_NAME = "$(TARGET_NAME)";
				SWIFT_VERSION = 5.0;
				TARGETED_DEVICE_FAMILY = "1,2";
			};
			name = Release;
		};
/* End XCBuildConfiguration section */

/* Begin XCConfigurationList section */
		3C71FE9E26881DAA007E8EAD /* Build configuration list for PBXProject "ChaRo-iOS" */ = {
			isa = XCConfigurationList;
			buildConfigurations = (
				3C71FEB526881DAB007E8EAD /* Debug */,
				3C71FEB626881DAB007E8EAD /* Release */,
			);
			defaultConfigurationIsVisible = 0;
			defaultConfigurationName = Release;
		};
		3C71FEB726881DAB007E8EAD /* Build configuration list for PBXNativeTarget "ChaRo-iOS" */ = {
			isa = XCConfigurationList;
			buildConfigurations = (
				3C71FEB826881DAB007E8EAD /* Debug */,
				3C71FEB926881DAB007E8EAD /* Release */,
			);
			defaultConfigurationIsVisible = 0;
			defaultConfigurationName = Release;
		};
/* End XCConfigurationList section */
	};
	rootObject = 3C71FE9B26881DAA007E8EAD /* Project object */;
}
