PODS:
  - Alamofire (5.4.3)
  - Kingfisher (6.3.0)
  - lottie-ios (3.2.3)
  - SnapKit (5.0.1)
  - SwiftyJSON (4.3.0)
  - Then (2.7.0)

DEPENDENCIES:
  - Alamofire (~> 5.4)
  - Kingfisher (~> 6.0)
  - lottie-ios
  - SnapKit (~> 5.0.0)
  - SwiftyJSON (~> 4.0)
  - Then

SPEC REPOS:
  trunk:
    - Alamofire
    - Kingfisher
    - lottie-ios
    - SnapKit
    - SwiftyJSON
    - Then

SPEC CHECKSUMS:
  Alamofire: e447a2774a40c996748296fa2c55112fdbbc42f9
  Kingfisher: 6c3df386db71d82c0817a429d2c9421a77396529
  lottie-ios: c058aeafa76daa4cf64d773554bccc8385d0150e
  SnapKit: 97b92857e3df3a0c71833cce143274bf6ef8e5eb
  SwiftyJSON: 6faa0040f8b59dead0ee07436cbf76b73c08fd08
  Then: acfe0be7e98221c6204e12f8161459606d5d822d

PODFILE CHECKSUM: 551aeacda4d1d1ea44ac7fbedf730c4a74aa74c3

COCOAPODS: 1.10.2
